Microsoft Visual Studio Solution File, Format Version 12.00
# Visual Studio 14
VisualStudioVersion = 14.0.23107.0
MinimumVisualStudioVersion = 10.0.40219.1
Project("{FAE04EC0-301F-11D3-BF4B-00C04F79EFBC}") = "nstruts", "nstruts.csproj", "{67C15BDA-BE8A-412A-BB48-556095B606D5}"
EndProject
Project("{FAE04EC0-301F-11D3-BF4B-00C04F79EFBC}") = "nstrutsweb", "nstrutsweb\nstrutsweb.csproj", "{5C4D19F8-8C1F-401B-BF7F-062E9ABEC4E7}"
EndProject
Global
	GlobalSection(SolutionConfigurationPlatforms) = preSolution
		Debug|Any CPU = Debug|Any CPU
		Release|Any CPU = Release|Any CPU
	EndGlobalSection
	GlobalSection(ProjectConfigurationPlatforms) = postSolution
		{67C15BDA-BE8A-412A-BB48-556095B606D5}.Debug|Any CPU.ActiveCfg = Debug|Any CPU
		{67C15BDA-BE8A-412A-BB48-556095B606D5}.Debug|Any CPU.Build.0 = Debug|Any CPU
		{67C15BDA-BE8A-412A-BB48-556095B606D5}.Release|Any CPU.ActiveCfg = Release|Any CPU
		{67C15BDA-BE8A-412A-BB48-556095B606D5}.Release|Any CPU.Build.0 = Release|Any CPU
		{5C4D19F8-8C1F-401B-BF7F-062E9ABEC4E7}.Debug|Any CPU.ActiveCfg = Debug|Any CPU
		{5C4D19F8-8C1F-401B-BF7F-062E9ABEC4E7}.Debug|Any CPU.Build.0 = Debug|Any CPU
		{5C4D19F8-8C1F-401B-BF7F-062E9ABEC4E7}.Release|Any CPU.ActiveCfg = Release|Any CPU
		{5C4D19F8-8C1F-401B-BF7F-062E9ABEC4E7}.Release|Any CPU.Build.0 = Release|Any CPU
	EndGlobalSection
	GlobalSection(SolutionProperties) = preSolution
		HideSolutionNode = FALSE
	EndGlobalSection
EndGlobal
